
Microsoft Visual Studio Solution File, Format Version 12.00
# Visual Studio Version 17
VisualStudioVersion = 17.0.31919.166
MinimumVisualStudioVersion = 10.0.40219.1
Project("{FAE04EC0-301F-11D3-BF4B-00C04F79EFBC}") = "DotNetWithElastic", "DotNetWithElastic\DotNetWithElastic.csproj", "{EDA190F2-6319-477E-81AB-8448E17C8652}"
EndProject
Global
	GlobalSection(SolutionConfigurationPlatforms) = preSolution
		Debug|Any CPU = Debug|Any CPU
		Release|Any CPU = Release|Any CPU
	EndGlobalSection
	GlobalSection(ProjectConfigurationPlatforms) = postSolution
		{EDA190F2-6319-477E-81AB-8448E17C8652}.Debug|Any CPU.ActiveCfg = Debug|Any CPU
		{EDA190F2-6319-477E-81AB-8448E17C8652}.Debug|Any CPU.Build.0 = Debug|Any CPU
		{EDA190F2-6319-477E-81AB-8448E17C8652}.Release|Any CPU.ActiveCfg = Release|Any CPU
		{EDA190F2-6319-477E-81AB-8448E17C8652}.Release|Any CPU.Build.0 = Release|Any CPU
	EndGlobalSection
	GlobalSection(SolutionProperties) = preSolution
		HideSolutionNode = FALSE
	EndGlobalSection
	GlobalSection(ExtensibilityGlobals) = postSolution
		SolutionGuid = {A9058B13-B1FB-4668-B168-DFDD8F487B62}
	EndGlobalSection
EndGlobal
